// !$*UTF8*$!
{
	archiveVersion = 1;
	classes = {
	};
	objectVersion = 46;
	objects = {

/* Begin PBXBuildFile section */
		160EDC1116D082F70025C7F2 /* UIKit.framework in Frameworks */ = {isa = PBXBuildFile; fileRef = 160EDC1016D082F70025C7F2 /* UIKit.framework */; };
		160EDC1316D082F70025C7F2 /* Foundation.framework in Frameworks */ = {isa = PBXBuildFile; fileRef = 160EDC1216D082F70025C7F2 /* Foundation.framework */; };
		160EDC1516D082F70025C7F2 /* CoreGraphics.framework in Frameworks */ = {isa = PBXBuildFile; fileRef = 160EDC1416D082F70025C7F2 /* CoreGraphics.framework */; };
		160EDC1B16D082F70025C7F2 /* InfoPlist.strings in Resources */ = {isa = PBXBuildFile; fileRef = 160EDC1916D082F70025C7F2 /* InfoPlist.strings */; };
		160EDC1D16D082F70025C7F2 /* main.m in Sources */ = {isa = PBXBuildFile; fileRef = 160EDC1C16D082F70025C7F2 /* main.m */; };
		160EDC2116D082F70025C7F2 /* supercardAppDelegate.m in Sources */ = {isa = PBXBuildFile; fileRef = 160EDC2016D082F70025C7F2 /* supercardAppDelegate.m */; };
		160EDC2316D082F70025C7F2 /* Default.png in Resources */ = {isa = PBXBuildFile; fileRef = 160EDC2216D082F70025C7F2 /* Default.png */; };
		160EDC2516D082F70025C7F2 /* Default@2x.png in Resources */ = {isa = PBXBuildFile; fileRef = 160EDC2416D082F70025C7F2 /* Default@2x.png */; };
		160EDC2716D082F70025C7F2 /* Default-568h@2x.png in Resources */ = {isa = PBXBuildFile; fileRef = 160EDC2616D082F70025C7F2 /* Default-568h@2x.png */; };
		160EDC2A16D082F70025C7F2 /* MainStoryboard.storyboard in Resources */ = {isa = PBXBuildFile; fileRef = 160EDC2816D082F70025C7F2 /* MainStoryboard.storyboard */; };
		160EDC2D16D082F70025C7F2 /* supercardViewController.m in Sources */ = {isa = PBXBuildFile; fileRef = 160EDC2C16D082F70025C7F2 /* supercardViewController.m */; };
		160EDC3516D090920025C7F2 /* PlayingCardView.m in Sources */ = {isa = PBXBuildFile; fileRef = 160EDC3416D090920025C7F2 /* PlayingCardView.m */; };
		167DDB6016D2013300DDB4DA /* card-back.png in Resources */ = {isa = PBXBuildFile; fileRef = 167DDB4116D2013300DDB4DA /* card-back.png */; };
		167DDB6116D2013300DDB4DA /* card-back@2x.png in Resources */ = {isa = PBXBuildFile; fileRef = 167DDB4216D2013300DDB4DA /* card-back@2x.png */; };
		167DDB6216D2013300DDB4DA /* Icon-72.png in Resources */ = {isa = PBXBuildFile; fileRef = 167DDB4416D2013300DDB4DA /* Icon-72.png */; };
		167DDB6316D2013300DDB4DA /* Icon.png in Resources */ = {isa = PBXBuildFile; fileRef = 167DDB4516D2013300DDB4DA /* Icon.png */; };
		167DDB6416D2013300DDB4DA /* Icon@2x.png in Resources */ = {isa = PBXBuildFile; fileRef = 167DDB4616D2013300DDB4DA /* Icon@2x.png */; };
		167DDB6516D2013300DDB4DA /* J♠.jpg in Resources */ = {isa = PBXBuildFile; fileRef = 167DDB4716D2013300DDB4DA /* J♠.jpg */; };
		167DDB6616D2013300DDB4DA /* J♠@2x.jpg in Resources */ = {isa = PBXBuildFile; fileRef = 167DDB4816D2013300DDB4DA /* J♠@2x.jpg */; };
		167DDB6716D2013300DDB4DA /* J♣.jpg in Resources */ = {isa = PBXBuildFile; fileRef = 167DDB4916D2013300DDB4DA /* J♣.jpg */; };
		167DDB6816D2013300DDB4DA /* J♣@2x.jpg in Resources */ = {isa = PBXBuildFile; fileRef = 167DDB4A16D2013300DDB4DA /* J♣@2x.jpg */; };
		167DDB6916D2013300DDB4DA /* J♥.jpg in Resources */ = {isa = PBXBuildFile; fileRef = 167DDB4B16D2013300DDB4DA /* J♥.jpg */; };
		167DDB6A16D2013300DDB4DA /* J♥@2x.jpg in Resources */ = {isa = PBXBuildFile; fileRef = 167DDB4C16D2013300DDB4DA /* J♥@2x.jpg */; };
		167DDB6B16D2013300DDB4DA /* J♦.jpg in Resources */ = {isa = PBXBuildFile; fileRef = 167DDB4D16D2013300DDB4DA /* J♦.jpg */; };
		167DDB6C16D2013300DDB4DA /* J♦@2x.jpg in Resources */ = {isa = PBXBuildFile; fileRef = 167DDB4E16D2013300DDB4DA /* J♦@2x.jpg */; };
		167DDB6D16D2013300DDB4DA /* K♠.jpg in Resources */ = {isa = PBXBuildFile; fileRef = 167DDB4F16D2013300DDB4DA /* K♠.jpg */; };
		167DDB6E16D2013300DDB4DA /* K♠@2x.jpg in Resources */ = {isa = PBXBuildFile; fileRef = 167DDB5016D2013300DDB4DA /* K♠@2x.jpg */; };
		167DDB6F16D2013300DDB4DA /* K♣.jpg in Resources */ = {isa = PBXBuildFile; fileRef = 167DDB5116D2013300DDB4DA /* K♣.jpg */; };
		167DDB7016D2013300DDB4DA /* K♣@2x.jpg in Resources */ = {isa = PBXBuildFile; fileRef = 167DDB5216D2013300DDB4DA /* K♣@2x.jpg */; };
		167DDB7116D2013300DDB4DA /* K♥.jpg in Resources */ = {isa = PBXBuildFile; fileRef = 167DDB5316D2013300DDB4DA /* K♥.jpg */; };
		167DDB7216D2013300DDB4DA /* K♥@2x.jpg in Resources */ = {isa = PBXBuildFile; fileRef = 167DDB5416D2013300DDB4DA /* K♥@2x.jpg */; };
		167DDB7316D2013300DDB4DA /* K♦.jpg in Resources */ = {isa = PBXBuildFile; fileRef = 167DDB5516D2013300DDB4DA /* K♦.jpg */; };
		167DDB7416D2013300DDB4DA /* K♦2@x.jpg in Resources */ = {isa = PBXBuildFile; fileRef = 167DDB5616D2013300DDB4DA /* K♦2@x.jpg */; };
		167DDB7516D2013300DDB4DA /* Q♠.jpg in Resources */ = {isa = PBXBuildFile; fileRef = 167DDB5716D2013300DDB4DA /* Q♠.jpg */; };
		167DDB7616D2013300DDB4DA /* Q♠@2x.jpg in Resources */ = {isa = PBXBuildFile; fileRef = 167DDB5816D2013300DDB4DA /* Q♠@2x.jpg */; };
		167DDB7716D2013300DDB4DA /* Q♣.jpg in Resources */ = {isa = PBXBuildFile; fileRef = 167DDB5916D2013300DDB4DA /* Q♣.jpg */; };
		167DDB7816D2013300DDB4DA /* Q♣@2x.jpg in Resources */ = {isa = PBXBuildFile; fileRef = 167DDB5A16D2013300DDB4DA /* Q♣@2x.jpg */; };
		167DDB7916D2013300DDB4DA /* Q♥.jpg in Resources */ = {isa = PBXBuildFile; fileRef = 167DDB5B16D2013300DDB4DA /* Q♥.jpg */; };
		167DDB7A16D2013300DDB4DA /* Q♥@2x.jpg in Resources */ = {isa = PBXBuildFile; fileRef = 167DDB5C16D2013300DDB4DA /* Q♥@2x.jpg */; };
		167DDB7B16D2013300DDB4DA /* Q♦.jpg in Resources */ = {isa = PBXBuildFile; fileRef = 167DDB5D16D2013300DDB4DA /* Q♦.jpg */; };
		167DDB7C16D2013300DDB4DA /* Q♦@2x.jpg in Resources */ = {isa = PBXBuildFile; fileRef = 167DDB5E16D2013300DDB4DA /* Q♦@2x.jpg */; };
		167DDB7D16D2013300DDB4DA /* Q♦@2x.psd in Resources */ = {isa = PBXBuildFile; fileRef = 167DDB5F16D2013300DDB4DA /* Q♦@2x.psd */; };
		167DDB9D16D20C0300DDB4DA /* Card.m in Sources */ = {isa = PBXBuildFile; fileRef = 167DDB9016D20C0300DDB4DA /* Card.m */; };
		167DDB9E16D20C0300DDB4DA /* CardMatchingGame.m in Sources */ = {isa = PBXBuildFile; fileRef = 167DDB9216D20C0300DDB4DA /* CardMatchingGame.m */; };
		167DDB9F16D20C0300DDB4DA /* Deck.m in Sources */ = {isa = PBXBuildFile; fileRef = 167DDB9416D20C0300DDB4DA /* Deck.m */; };
		167DDBA016D20C0300DDB4DA /* PlayingCard.m in Sources */ = {isa = PBXBuildFile; fileRef = 167DDB9616D20C0300DDB4DA /* PlayingCard.m */; };
		167DDBA116D20C0300DDB4DA /* PlayingCardDeck.m in Sources */ = {isa = PBXBuildFile; fileRef = 167DDB9816D20C0300DDB4DA /* PlayingCardDeck.m */; };
		167DDBA216D20C0300DDB4DA /* SetCard.m in Sources */ = {isa = PBXBuildFile; fileRef = 167DDB9A16D20C0300DDB4DA /* SetCard.m */; };
		167DDBA316D20C0300DDB4DA /* SetCardDeck.m in Sources */ = {isa = PBXBuildFile; fileRef = 167DDB9C16D20C0300DDB4DA /* SetCardDeck.m */; };
/* End PBXBuildFile section */

/* Begin PBXFileReference section */
		160EDC0D16D082F70025C7F2 /* templatePlayingCard.app */ = {isa = PBXFileReference; explicitFileType = wrapper.application; includeInIndex = 0; path = templatePlayingCard.app; sourceTree = BUILT_PRODUCTS_DIR; };
		160EDC1016D082F70025C7F2 /* UIKit.framework */ = {isa = PBXFileReference; lastKnownFileType = wrapper.framework; name = UIKit.framework; path = System/Library/Frameworks/UIKit.framework; sourceTree = SDKROOT; };
		160EDC1216D082F70025C7F2 /* Foundation.framework */ = {isa = PBXFileReference; lastKnownFileType = wrapper.framework; name = Foundation.framework; path = System/Library/Frameworks/Foundation.framework; sourceTree = SDKROOT; };
		160EDC1416D082F70025C7F2 /* CoreGraphics.framework */ = {isa = PBXFileReference; lastKnownFileType = wrapper.framework; name = CoreGraphics.framework; path = System/Library/Frameworks/CoreGraphics.framework; sourceTree = SDKROOT; };
		160EDC1816D082F70025C7F2 /* templatePlayingCard-Info.plist */ = {isa = PBXFileReference; lastKnownFileType = text.plist.xml; path = "templatePlayingCard-Info.plist"; sourceTree = "<group>"; };
		160EDC1A16D082F70025C7F2 /* en */ = {isa = PBXFileReference; lastKnownFileType = text.plist.strings; name = en; path = en.lproj/InfoPlist.strings; sourceTree = "<group>"; };
		160EDC1C16D082F70025C7F2 /* main.m */ = {isa = PBXFileReference; lastKnownFileType = sourcecode.c.objc; path = main.m; sourceTree = "<group>"; };
		160EDC1E16D082F70025C7F2 /* templatePlayingCard-Prefix.pch */ = {isa = PBXFileReference; lastKnownFileType = sourcecode.c.h; path = "templatePlayingCard-Prefix.pch"; sourceTree = "<group>"; };
		160EDC1F16D082F70025C7F2 /* supercardAppDelegate.h */ = {isa = PBXFileReference; lastKnownFileType = sourcecode.c.h; path = supercardAppDelegate.h; sourceTree = "<group>"; };
		160EDC2016D082F70025C7F2 /* supercardAppDelegate.m */ = {isa = PBXFileReference; lastKnownFileType = sourcecode.c.objc; path = supercardAppDelegate.m; sourceTree = "<group>"; };
		160EDC2216D082F70025C7F2 /* Default.png */ = {isa = PBXFileReference; lastKnownFileType = image.png; path = Default.png; sourceTree = "<group>"; };
		160EDC2416D082F70025C7F2 /* Default@2x.png */ = {isa = PBXFileReference; lastKnownFileType = image.png; path = "Default@2x.png"; sourceTree = "<group>"; };
		160EDC2616D082F70025C7F2 /* Default-568h@2x.png */ = {isa = PBXFileReference; lastKnownFileType = image.png; path = "Default-568h@2x.png"; sourceTree = "<group>"; };
		160EDC2916D082F70025C7F2 /* en */ = {isa = PBXFileReference; lastKnownFileType = file.storyboard; name = en; path = en.lproj/MainStoryboard.storyboard; sourceTree = "<group>"; };
		160EDC2B16D082F70025C7F2 /* supercardViewController.h */ = {isa = PBXFileReference; lastKnownFileType = sourcecode.c.h; path = supercardViewController.h; sourceTree = "<group>"; };
		160EDC2C16D082F70025C7F2 /* supercardViewController.m */ = {isa = PBXFileReference; lastKnownFileType = sourcecode.c.objc; path = supercardViewController.m; sourceTree = "<group>"; };
		160EDC3316D090920025C7F2 /* PlayingCardView.h */ = {isa = PBXFileReference; fileEncoding = 4; lastKnownFileType = sourcecode.c.h; path = PlayingCardView.h; sourceTree = "<group>"; };
		160EDC3416D090920025C7F2 /* PlayingCardView.m */ = {isa = PBXFileReference; fileEncoding = 4; lastKnownFileType = sourcecode.c.objc; path = PlayingCardView.m; sourceTree = "<group>"; };
		167DDB4116D2013300DDB4DA /* card-back.png */ = {isa = PBXFileReference; lastKnownFileType = image.png; path = "card-back.png"; sourceTree = "<group>"; };
		167DDB4216D2013300DDB4DA /* card-back@2x.png */ = {isa = PBXFileReference; lastKnownFileType = image.png; path = "card-back@2x.png"; sourceTree = "<group>"; };
		167DDB4416D2013300DDB4DA /* Icon-72.png */ = {isa = PBXFileReference; lastKnownFileType = image.png; path = "Icon-72.png"; sourceTree = "<group>"; };
		167DDB4516D2013300DDB4DA /* Icon.png */ = {isa = PBXFileReference; lastKnownFileType = image.png; path = Icon.png; sourceTree = "<group>"; };
		167DDB4616D2013300DDB4DA /* Icon@2x.png */ = {isa = PBXFileReference; lastKnownFileType = image.png; path = "Icon@2x.png"; sourceTree = "<group>"; };
		167DDB4716D2013300DDB4DA /* J♠.jpg */ = {isa = PBXFileReference; lastKnownFileType = image.jpeg; path = "J♠.jpg"; sourceTree = "<group>"; };
		167DDB4816D2013300DDB4DA /* J♠@2x.jpg */ = {isa = PBXFileReference; lastKnownFileType = image.jpeg; path = "J♠@2x.jpg"; sourceTree = "<group>"; };
		167DDB4916D2013300DDB4DA /* J♣.jpg */ = {isa = PBXFileReference; lastKnownFileType = image.jpeg; path = "J♣.jpg"; sourceTree = "<group>"; };
		167DDB4A16D2013300DDB4DA /* J♣@2x.jpg */ = {isa = PBXFileReference; lastKnownFileType = image.jpeg; path = "J♣@2x.jpg"; sourceTree = "<group>"; };
		167DDB4B16D2013300DDB4DA /* J♥.jpg */ = {isa = PBXFileReference; lastKnownFileType = image.jpeg; path = "J♥.jpg"; sourceTree = "<group>"; };
		167DDB4C16D2013300DDB4DA /* J♥@2x.jpg */ = {isa = PBXFileReference; lastKnownFileType = image.jpeg; path = "J♥@2x.jpg"; sourceTree = "<group>"; };
		167DDB4D16D2013300DDB4DA /* J♦.jpg */ = {isa = PBXFileReference; lastKnownFileType = image.jpeg; path = "J♦.jpg"; sourceTree = "<group>"; };
		167DDB4E16D2013300DDB4DA /* J♦@2x.jpg */ = {isa = PBXFileReference; lastKnownFileType = image.jpeg; path = "J♦@2x.jpg"; sourceTree = "<group>"; };
		167DDB4F16D2013300DDB4DA /* K♠.jpg */ = {isa = PBXFileReference; lastKnownFileType = image.jpeg; path = "K♠.jpg"; sourceTree = "<group>"; };
		167DDB5016D2013300DDB4DA /* K♠@2x.jpg */ = {isa = PBXFileReference; lastKnownFileType = image.jpeg; path = "K♠@2x.jpg"; sourceTree = "<group>"; };
		167DDB5116D2013300DDB4DA /* K♣.jpg */ = {isa = PBXFileReference; lastKnownFileType = image.jpeg; path = "K♣.jpg"; sourceTree = "<group>"; };
		167DDB5216D2013300DDB4DA /* K♣@2x.jpg */ = {isa = PBXFileReference; lastKnownFileType = image.jpeg; path = "K♣@2x.jpg"; sourceTree = "<group>"; };
		167DDB5316D2013300DDB4DA /* K♥.jpg */ = {isa = PBXFileReference; lastKnownFileType = image.jpeg; path = "K♥.jpg"; sourceTree = "<group>"; };
		167DDB5416D2013300DDB4DA /* K♥@2x.jpg */ = {isa = PBXFileReference; lastKnownFileType = image.jpeg; path = "K♥@2x.jpg"; sourceTree = "<group>"; };
		167DDB5516D2013300DDB4DA /* K♦.jpg */ = {isa = PBXFileReference; lastKnownFileType = image.jpeg; path = "K♦.jpg"; sourceTree = "<group>"; };
		167DDB5616D2013300DDB4DA /* K♦2@x.jpg */ = {isa = PBXFileReference; lastKnownFileType = image.jpeg; path = "K♦2@x.jpg"; sourceTree = "<group>"; };
		167DDB5716D2013300DDB4DA /* Q♠.jpg */ = {isa = PBXFileReference; lastKnownFileType = image.jpeg; path = "Q♠.jpg"; sourceTree = "<group>"; };
		167DDB5816D2013300DDB4DA /* Q♠@2x.jpg */ = {isa = PBXFileReference; lastKnownFileType = image.jpeg; path = "Q♠@2x.jpg"; sourceTree = "<group>"; };
		167DDB5916D2013300DDB4DA /* Q♣.jpg */ = {isa = PBXFileReference; lastKnownFileType = image.jpeg; path = "Q♣.jpg"; sourceTree = "<group>"; };
		167DDB5A16D2013300DDB4DA /* Q♣@2x.jpg */ = {isa = PBXFileReference; lastKnownFileType = image.jpeg; path = "Q♣@2x.jpg"; sourceTree = "<group>"; };
		167DDB5B16D2013300DDB4DA /* Q♥.jpg */ = {isa = PBXFileReference; lastKnownFileType = image.jpeg; path = "Q♥.jpg"; sourceTree = "<group>"; };
		167DDB5C16D2013300DDB4DA /* Q♥@2x.jpg */ = {isa = PBXFileReference; lastKnownFileType = image.jpeg; path = "Q♥@2x.jpg"; sourceTree = "<group>"; };
		167DDB5D16D2013300DDB4DA /* Q♦.jpg */ = {isa = PBXFileReference; lastKnownFileType = image.jpeg; path = "Q♦.jpg"; sourceTree = "<group>"; };
		167DDB5E16D2013300DDB4DA /* Q♦@2x.jpg */ = {isa = PBXFileReference; lastKnownFileType = image.jpeg; path = "Q♦@2x.jpg"; sourceTree = "<group>"; };
		167DDB5F16D2013300DDB4DA /* Q♦@2x.psd */ = {isa = PBXFileReference; lastKnownFileType = file; path = "Q♦@2x.psd"; sourceTree = "<group>"; };
		167DDB8F16D20C0300DDB4DA /* Card.h */ = {isa = PBXFileReference; fileEncoding = 4; lastKnownFileType = sourcecode.c.h; path = Card.h; sourceTree = "<group>"; };
		167DDB9016D20C0300DDB4DA /* Card.m */ = {isa = PBXFileReference; fileEncoding = 4; lastKnownFileType = sourcecode.c.objc; path = Card.m; sourceTree = "<group>"; };
		167DDB9116D20C0300DDB4DA /* CardMatchingGame.h */ = {isa = PBXFileReference; fileEncoding = 4; lastKnownFileType = sourcecode.c.h; path = CardMatchingGame.h; sourceTree = "<group>"; };
		167DDB9216D20C0300DDB4DA /* CardMatchingGame.m */ = {isa = PBXFileReference; fileEncoding = 4; lastKnownFileType = sourcecode.c.objc; path = CardMatchingGame.m; sourceTree = "<group>"; };
		167DDB9316D20C0300DDB4DA /* Deck.h */ = {isa = PBXFileReference; fileEncoding = 4; lastKnownFileType = sourcecode.c.h; path = Deck.h; sourceTree = "<group>"; };
		167DDB9416D20C0300DDB4DA /* Deck.m */ = {isa = PBXFileReference; fileEncoding = 4; lastKnownFileType = sourcecode.c.objc; path = Deck.m; sourceTree = "<group>"; };
		167DDB9516D20C0300DDB4DA /* PlayingCard.h */ = {isa = PBXFileReference; fileEncoding = 4; lastKnownFileType = sourcecode.c.h; path = PlayingCard.h; sourceTree = "<group>"; };
		167DDB9616D20C0300DDB4DA /* PlayingCard.m */ = {isa = PBXFileReference; fileEncoding = 4; lastKnownFileType = sourcecode.c.objc; path = PlayingCard.m; sourceTree = "<group>"; };
		167DDB9716D20C0300DDB4DA /* PlayingCardDeck.h */ = {isa = PBXFileReference; fileEncoding = 4; lastKnownFileType = sourcecode.c.h; path = PlayingCardDeck.h; sourceTree = "<group>"; };
		167DDB9816D20C0300DDB4DA /* PlayingCardDeck.m */ = {isa = PBXFileReference; fileEncoding = 4; lastKnownFileType = sourcecode.c.objc; path = PlayingCardDeck.m; sourceTree = "<group>"; };
		167DDB9916D20C0300DDB4DA /* SetCard.h */ = {isa = PBXFileReference; fileEncoding = 4; lastKnownFileType = sourcecode.c.h; path = SetCard.h; sourceTree = "<group>"; };
		167DDB9A16D20C0300DDB4DA /* SetCard.m */ = {isa = PBXFileReference; fileEncoding = 4; lastKnownFileType = sourcecode.c.objc; path = SetCard.m; sourceTree = "<group>"; };
		167DDB9B16D20C0300DDB4DA /* SetCardDeck.h */ = {isa = PBXFileReference; fileEncoding = 4; lastKnownFileType = sourcecode.c.h; path = SetCardDeck.h; sourceTree = "<group>"; };
		167DDB9C16D20C0300DDB4DA /* SetCardDeck.m */ = {isa = PBXFileReference; fileEncoding = 4; lastKnownFileType = sourcecode.c.objc; path = SetCardDeck.m; sourceTree = "<group>"; };
/* End PBXFileReference section */

/* Begin PBXFrameworksBuildPhase section */
		160EDC0A16D082F70025C7F2 /* Frameworks */ = {
			isa = PBXFrameworksBuildPhase;
			buildActionMask = 2147483647;
			files = (
				160EDC1116D082F70025C7F2 /* UIKit.framework in Frameworks */,
				160EDC1316D082F70025C7F2 /* Foundation.framework in Frameworks */,
				160EDC1516D082F70025C7F2 /* CoreGraphics.framework in Frameworks */,
			);
			runOnlyForDeploymentPostprocessing = 0;
		};
/* End PBXFrameworksBuildPhase section */

/* Begin PBXGroup section */
		160EDC0416D082F70025C7F2 = {
			isa = PBXGroup;
			children = (
				160EDC1616D082F70025C7F2 /* templatePlayingCard */,
				160EDC0F16D082F70025C7F2 /* Frameworks */,
				160EDC0E16D082F70025C7F2 /* Products */,
			);
			sourceTree = "<group>";
		};
		160EDC0E16D082F70025C7F2 /* Products */ = {
			isa = PBXGroup;
			children = (
				160EDC0D16D082F70025C7F2 /* templatePlayingCard.app */,
			);
			name = Products;
			sourceTree = "<group>";
		};
		160EDC0F16D082F70025C7F2 /* Frameworks */ = {
			isa = PBXGroup;
			children = (
				160EDC1016D082F70025C7F2 /* UIKit.framework */,
				160EDC1216D082F70025C7F2 /* Foundation.framework */,
				160EDC1416D082F70025C7F2 /* CoreGraphics.framework */,
			);
			name = Frameworks;
			sourceTree = "<group>";
		};
		160EDC1616D082F70025C7F2 /* templatePlayingCard */ = {
			isa = PBXGroup;
			children = (
				160EDC3316D090920025C7F2 /* PlayingCardView.h */,
				160EDC3416D090920025C7F2 /* PlayingCardView.m */,
				160EDC2816D082F70025C7F2 /* MainStoryboard.storyboard */,
				160EDC2B16D082F70025C7F2 /* supercardViewController.h */,
				160EDC2C16D082F70025C7F2 /* supercardViewController.m */,
				167DDB8E16D20C0300DDB4DA /* Model */,
				160EDC1716D082F70025C7F2 /* Supporting Files */,
			);
			path = templatePlayingCard;
			sourceTree = "<group>";
		};
		160EDC1716D082F70025C7F2 /* Supporting Files */ = {
			isa = PBXGroup;
			children = (
				167DDB4016D2010B00DDB4DA /* cardimages */,
				160EDC1F16D082F70025C7F2 /* supercardAppDelegate.h */,
				160EDC2016D082F70025C7F2 /* supercardAppDelegate.m */,
				160EDC1816D082F70025C7F2 /* templatePlayingCard-Info.plist */,
				160EDC1916D082F70025C7F2 /* InfoPlist.strings */,
				160EDC1C16D082F70025C7F2 /* main.m */,
				160EDC1E16D082F70025C7F2 /* templatePlayingCard-Prefix.pch */,
				160EDC2216D082F70025C7F2 /* Default.png */,
				160EDC2416D082F70025C7F2 /* Default@2x.png */,
				160EDC2616D082F70025C7F2 /* Default-568h@2x.png */,
			);
			name = "Supporting Files";
			sourceTree = "<group>";
		};
		167DDB4016D2010B00DDB4DA /* cardimages */ = {
			isa = PBXGroup;
			children = (
				167DDB4116D2013300DDB4DA /* card-back.png */,
				167DDB4216D2013300DDB4DA /* card-back@2x.png */,
				167DDB4316D2013300DDB4DA /* defaults */,
				167DDB4716D2013300DDB4DA /* J♠.jpg */,
				167DDB4816D2013300DDB4DA /* J♠@2x.jpg */,
				167DDB4916D2013300DDB4DA /* J♣.jpg */,
				167DDB4A16D2013300DDB4DA /* J♣@2x.jpg */,
				167DDB4B16D2013300DDB4DA /* J♥.jpg */,
				167DDB4C16D2013300DDB4DA /* J♥@2x.jpg */,
				167DDB4D16D2013300DDB4DA /* J♦.jpg */,
				167DDB4E16D2013300DDB4DA /* J♦@2x.jpg */,
				167DDB4F16D2013300DDB4DA /* K♠.jpg */,
				167DDB5016D2013300DDB4DA /* K♠@2x.jpg */,
				167DDB5116D2013300DDB4DA /* K♣.jpg */,
				167DDB5216D2013300DDB4DA /* K♣@2x.jpg */,
				167DDB5316D2013300DDB4DA /* K♥.jpg */,
				167DDB5416D2013300DDB4DA /* K♥@2x.jpg */,
				167DDB5516D2013300DDB4DA /* K♦.jpg */,
				167DDB5616D2013300DDB4DA /* K♦2@x.jpg */,
				167DDB5716D2013300DDB4DA /* Q♠.jpg */,
				167DDB5816D2013300DDB4DA /* Q♠@2x.jpg */,
				167DDB5916D2013300DDB4DA /* Q♣.jpg */,
				167DDB5A16D2013300DDB4DA /* Q♣@2x.jpg */,
				167DDB5B16D2013300DDB4DA /* Q♥.jpg */,
				167DDB5C16D2013300DDB4DA /* Q♥@2x.jpg */,
				167DDB5D16D2013300DDB4DA /* Q♦.jpg */,
				167DDB5E16D2013300DDB4DA /* Q♦@2x.jpg */,
				167DDB5F16D2013300DDB4DA /* Q♦@2x.psd */,
			);
			path = cardimages;
			sourceTree = "<group>";
		};
		167DDB4316D2013300DDB4DA /* defaults */ = {
			isa = PBXGroup;
			children = (
				167DDB4416D2013300DDB4DA /* Icon-72.png */,
				167DDB4516D2013300DDB4DA /* Icon.png */,
				167DDB4616D2013300DDB4DA /* Icon@2x.png */,
			);
			path = defaults;
			sourceTree = "<group>";
		};
		167DDB8E16D20C0300DDB4DA /* Model */ = {
			isa = PBXGroup;
			children = (
				167DDB8F16D20C0300DDB4DA /* Card.h */,
				167DDB9016D20C0300DDB4DA /* Card.m */,
				167DDB9116D20C0300DDB4DA /* CardMatchingGame.h */,
				167DDB9216D20C0300DDB4DA /* CardMatchingGame.m */,
				167DDB9316D20C0300DDB4DA /* Deck.h */,
				167DDB9416D20C0300DDB4DA /* Deck.m */,
				167DDB9516D20C0300DDB4DA /* PlayingCard.h */,
				167DDB9616D20C0300DDB4DA /* PlayingCard.m */,
				167DDB9716D20C0300DDB4DA /* PlayingCardDeck.h */,
				167DDB9816D20C0300DDB4DA /* PlayingCardDeck.m */,
				167DDB9916D20C0300DDB4DA /* SetCard.h */,
				167DDB9A16D20C0300DDB4DA /* SetCard.m */,
				167DDB9B16D20C0300DDB4DA /* SetCardDeck.h */,
				167DDB9C16D20C0300DDB4DA /* SetCardDeck.m */,
			);
			path = Model;
			sourceTree = "<group>";
		};
/* End PBXGroup section */

/* Begin PBXNativeTarget section */
		160EDC0C16D082F70025C7F2 /* templatePlayingCard */ = {
			isa = PBXNativeTarget;
			buildConfigurationList = 160EDC3016D082F80025C7F2 /* Build configuration list for PBXNativeTarget "templatePlayingCard" */;
			buildPhases = (
				160EDC0916D082F70025C7F2 /* Sources */,
				160EDC0A16D082F70025C7F2 /* Frameworks */,
				160EDC0B16D082F70025C7F2 /* Resources */,
			);
			buildRules = (
			);
			dependencies = (
			);
			name = templatePlayingCard;
			productName = templatePlayingCard;
			productReference = 160EDC0D16D082F70025C7F2 /* templatePlayingCard.app */;
			productType = "com.apple.product-type.application";
		};
/* End PBXNativeTarget section */

/* Begin PBXProject section */
		160EDC0516D082F70025C7F2 /* Project object */ = {
			isa = PBXProject;
			attributes = {
				CLASSPREFIX = supercard;
				LastUpgradeCheck = 0460;
				ORGANIZATIONNAME = mike;
			};
			buildConfigurationList = 160EDC0816D082F70025C7F2 /* Build configuration list for PBXProject "templatePlayingCard" */;
			compatibilityVersion = "Xcode 3.2";
			developmentRegion = English;
			hasScannedForEncodings = 0;
			knownRegions = (
				en,
			);
			mainGroup = 160EDC0416D082F70025C7F2;
			productRefGroup = 160EDC0E16D082F70025C7F2 /* Products */;
			projectDirPath = "";
			projectRoot = "";
			targets = (
				160EDC0C16D082F70025C7F2 /* templatePlayingCard */,
			);
		};
/* End PBXProject section */

/* Begin PBXResourcesBuildPhase section */
		160EDC0B16D082F70025C7F2 /* Resources */ = {
			isa = PBXResourcesBuildPhase;
			buildActionMask = 2147483647;
			files = (
				160EDC1B16D082F70025C7F2 /* InfoPlist.strings in Resources */,
				160EDC2316D082F70025C7F2 /* Default.png in Resources */,
				160EDC2516D082F70025C7F2 /* Default@2x.png in Resources */,
				160EDC2716D082F70025C7F2 /* Default-568h@2x.png in Resources */,
				160EDC2A16D082F70025C7F2 /* MainStoryboard.storyboard in Resources */,
				167DDB6016D2013300DDB4DA /* card-back.png in Resources */,
				167DDB6116D2013300DDB4DA /* card-back@2x.png in Resources */,
				167DDB6216D2013300DDB4DA /* Icon-72.png in Resources */,
				167DDB6316D2013300DDB4DA /* Icon.png in Resources */,
				167DDB6416D2013300DDB4DA /* Icon@2x.png in Resources */,
				167DDB6516D2013300DDB4DA /* J♠.jpg in Resources */,
				167DDB6616D2013300DDB4DA /* J♠@2x.jpg in Resources */,
				167DDB6716D2013300DDB4DA /* J♣.jpg in Resources */,
				167DDB6816D2013300DDB4DA /* J♣@2x.jpg in Resources */,
				167DDB6916D2013300DDB4DA /* J♥.jpg in Resources */,
				167DDB6A16D2013300DDB4DA /* J♥@2x.jpg in Resources */,
				167DDB6B16D2013300DDB4DA /* J♦.jpg in Resources */,
				167DDB6C16D2013300DDB4DA /* J♦@2x.jpg in Resources */,
				167DDB6D16D2013300DDB4DA /* K♠.jpg in Resources */,
				167DDB6E16D2013300DDB4DA /* K♠@2x.jpg in Resources */,
				167DDB6F16D2013300DDB4DA /* K♣.jpg in Resources */,
				167DDB7016D2013300DDB4DA /* K♣@2x.jpg in Resources */,
				167DDB7116D2013300DDB4DA /* K♥.jpg in Resources */,
				167DDB7216D2013300DDB4DA /* K♥@2x.jpg in Resources */,
				167DDB7316D2013300DDB4DA /* K♦.jpg in Resources */,
				167DDB7416D2013300DDB4DA /* K♦2@x.jpg in Resources */,
				167DDB7516D2013300DDB4DA /* Q♠.jpg in Resources */,
				167DDB7616D2013300DDB4DA /* Q♠@2x.jpg in Resources */,
				167DDB7716D2013300DDB4DA /* Q♣.jpg in Resources */,
				167DDB7816D2013300DDB4DA /* Q♣@2x.jpg in Resources */,
				167DDB7916D2013300DDB4DA /* Q♥.jpg in Resources */,
				167DDB7A16D2013300DDB4DA /* Q♥@2x.jpg in Resources */,
				167DDB7B16D2013300DDB4DA /* Q♦.jpg in Resources */,
				167DDB7C16D2013300DDB4DA /* Q♦@2x.jpg in Resources */,
				167DDB7D16D2013300DDB4DA /* Q♦@2x.psd in Resources */,
			);
			runOnlyForDeploymentPostprocessing = 0;
		};
/* End PBXResourcesBuildPhase section */

/* Begin PBXSourcesBuildPhase section */
		160EDC0916D082F70025C7F2 /* Sources */ = {
			isa = PBXSourcesBuildPhase;
			buildActionMask = 2147483647;
			files = (
				160EDC1D16D082F70025C7F2 /* main.m in Sources */,
				160EDC2116D082F70025C7F2 /* supercardAppDelegate.m in Sources */,
				160EDC2D16D082F70025C7F2 /* supercardViewController.m in Sources */,
				160EDC3516D090920025C7F2 /* PlayingCardView.m in Sources */,
				167DDB9D16D20C0300DDB4DA /* Card.m in Sources */,
				167DDB9E16D20C0300DDB4DA /* CardMatchingGame.m in Sources */,
				167DDB9F16D20C0300DDB4DA /* Deck.m in Sources */,
				167DDBA016D20C0300DDB4DA /* PlayingCard.m in Sources */,
				167DDBA116D20C0300DDB4DA /* PlayingCardDeck.m in Sources */,
				167DDBA216D20C0300DDB4DA /* SetCard.m in Sources */,
				167DDBA316D20C0300DDB4DA /* SetCardDeck.m in Sources */,
			);
			runOnlyForDeploymentPostprocessing = 0;
		};
/* End PBXSourcesBuildPhase section */

/* Begin PBXVariantGroup section */
		160EDC1916D082F70025C7F2 /* InfoPlist.strings */ = {
			isa = PBXVariantGroup;
			children = (
				160EDC1A16D082F70025C7F2 /* en */,
			);
			name = InfoPlist.strings;
			sourceTree = "<group>";
		};
		160EDC2816D082F70025C7F2 /* MainStoryboard.storyboard */ = {
			isa = PBXVariantGroup;
			children = (
				160EDC2916D082F70025C7F2 /* en */,
			);
			name = MainStoryboard.storyboard;
			sourceTree = "<group>";
		};
/* End PBXVariantGroup section */

/* Begin XCBuildConfiguration section */
		160EDC2E16D082F80025C7F2 /* Debug */ = {
			isa = XCBuildConfiguration;
			buildSettings = {
				ALWAYS_SEARCH_USER_PATHS = NO;
				CLANG_CXX_LANGUAGE_STANDARD = "gnu++0x";
				CLANG_CXX_LIBRARY = "libc++";
				CLANG_ENABLE_OBJC_ARC = YES;
				CLANG_WARN_CONSTANT_CONVERSION = YES;
				CLANG_WARN_EMPTY_BODY = YES;
				CLANG_WARN_ENUM_CONVERSION = YES;
				CLANG_WARN_INT_CONVERSION = YES;
				CLANG_WARN__DUPLICATE_METHOD_MATCH = YES;
				"CODE_SIGN_IDENTITY[sdk=iphoneos*]" = "iPhone Developer";
				COPY_PHASE_STRIP = NO;
				GCC_C_LANGUAGE_STANDARD = gnu99;
				GCC_DYNAMIC_NO_PIC = NO;
				GCC_OPTIMIZATION_LEVEL = 0;
				GCC_PREPROCESSOR_DEFINITIONS = (
					"DEBUG=1",
					"$(inherited)",
				);
				GCC_SYMBOLS_PRIVATE_EXTERN = NO;
				GCC_WARN_ABOUT_RETURN_TYPE = YES;
				GCC_WARN_UNINITIALIZED_AUTOS = YES;
				GCC_WARN_UNUSED_VARIABLE = YES;
				IPHONEOS_DEPLOYMENT_TARGET = 6.1;
				ONLY_ACTIVE_ARCH = YES;
				SDKROOT = iphoneos;
			};
			name = Debug;
		};
		160EDC2F16D082F80025C7F2 /* Release */ = {
			isa = XCBuildConfiguration;
			buildSettings = {
				ALWAYS_SEARCH_USER_PATHS = NO;
				CLANG_CXX_LANGUAGE_STANDARD = "gnu++0x";
				CLANG_CXX_LIBRARY = "libc++";
				CLANG_ENABLE_OBJC_ARC = YES;
				CLANG_WARN_CONSTANT_CONVERSION = YES;
				CLANG_WARN_EMPTY_BODY = YES;
				CLANG_WARN_ENUM_CONVERSION = YES;
				CLANG_WARN_INT_CONVERSION = YES;
				CLANG_WARN__DUPLICATE_METHOD_MATCH = YES;
				"CODE_SIGN_IDENTITY[sdk=iphoneos*]" = "iPhone Developer";
				COPY_PHASE_STRIP = YES;
				GCC_C_LANGUAGE_STANDARD = gnu99;
				GCC_WARN_ABOUT_RETURN_TYPE = YES;
				GCC_WARN_UNINITIALIZED_AUTOS = YES;
				GCC_WARN_UNUSED_VARIABLE = YES;
				IPHONEOS_DEPLOYMENT_TARGET = 6.1;
				OTHER_CFLAGS = "-DNS_BLOCK_ASSERTIONS=1";
				SDKROOT = iphoneos;
				VALIDATE_PRODUCT = YES;
			};
			name = Release;
		};
		160EDC3116D082F80025C7F2 /* Debug */ = {
			isa = XCBuildConfiguration;
			buildSettings = {
				GCC_PRECOMPILE_PREFIX_HEADER = YES;
				GCC_PREFIX_HEADER = "templatePlayingCard/templatePlayingCard-Prefix.pch";
				INFOPLIST_FILE = "templatePlayingCard/templatePlayingCard-Info.plist";
				PRODUCT_NAME = "$(TARGET_NAME)";
				WRAPPER_EXTENSION = app;
			};
			name = Debug;
		};
		160EDC3216D082F80025C7F2 /* Release */ = {
			isa = XCBuildConfiguration;
			buildSettings = {
				GCC_PRECOMPILE_PREFIX_HEADER = YES;
				GCC_PREFIX_HEADER = "templatePlayingCard/templatePlayingCard-Prefix.pch";
				INFOPLIST_FILE = "templatePlayingCard/templatePlayingCard-Info.plist";
				PRODUCT_NAME = "$(TARGET_NAME)";
				WRAPPER_EXTENSION = app;
			};
			name = Release;
		};
/* End XCBuildConfiguration section */

/* Begin XCConfigurationList section */
		160EDC0816D082F70025C7F2 /* Build configuration list for PBXProject "templatePlayingCard" */ = {
			isa = XCConfigurationList;
			buildConfigurations = (
				160EDC2E16D082F80025C7F2 /* Debug */,
				160EDC2F16D082F80025C7F2 /* Release */,
			);
			defaultConfigurationIsVisible = 0;
			defaultConfigurationName = Release;
		};
		160EDC3016D082F80025C7F2 /* Build configuration list for PBXNativeTarget "templatePlayingCard" */ = {
			isa = XCConfigurationList;
			buildConfigurations = (
				160EDC3116D082F80025C7F2 /* Debug */,
				160EDC3216D082F80025C7F2 /* Release */,
			);
			defaultConfigurationIsVisible = 0;
			defaultConfigurationName = Release;
		};
/* End XCConfigurationList section */
	};
	rootObject = 160EDC0516D082F70025C7F2 /* Project object */;
}
